// !$*UTF8*$!
{
	archiveVersion = 1;
	classes = {
	};
	objectVersion = 55;
	objects = {

/* Begin PBXBuildFile section */
		103056CA29F95FDB00C76BA2 /* AuthViewController.swift in Sources */ = {isa = PBXBuildFile; fileRef = 103056C929F95FDB00C76BA2 /* AuthViewController.swift */; };
		103056CC29FB03B900C76BA2 /* GoogleService-Info.plist in Resources */ = {isa = PBXBuildFile; fileRef = 103056CB29FB03B900C76BA2 /* GoogleService-Info.plist */; };
		105313EB29E99FC3009FAB9A /* DescriptionViewController.swift in Sources */ = {isa = PBXBuildFile; fileRef = 105313EA29E99FC3009FAB9A /* DescriptionViewController.swift */; };
		105313ED29F0603C009FAB9A /* YandexNavController.swift in Sources */ = {isa = PBXBuildFile; fileRef = 105313EC29F0603C009FAB9A /* YandexNavController.swift */; };
		1097A1C8298306910045E9F4 /* MainAPI.swift in Sources */ = {isa = PBXBuildFile; fileRef = 1097A1C7298306910045E9F4 /* MainAPI.swift */; };
		10A4536C29CF669900D55F24 /* SearchBarAPI.swift in Sources */ = {isa = PBXBuildFile; fileRef = 10A4536B29CF669900D55F24 /* SearchBarAPI.swift */; };
		10D21F5728EC75DD00965997 /* AppDelegate.swift in Sources */ = {isa = PBXBuildFile; fileRef = 10D21F5628EC75DD00965997 /* AppDelegate.swift */; };
		10D21F5928EC75DD00965997 /* SceneDelegate.swift in Sources */ = {isa = PBXBuildFile; fileRef = 10D21F5828EC75DD00965997 /* SceneDelegate.swift */; };
		10D21F5B28EC75DD00965997 /* ViewController.swift in Sources */ = {isa = PBXBuildFile; fileRef = 10D21F5A28EC75DD00965997 /* ViewController.swift */; };
		10D21F5E28EC75DD00965997 /* Main.storyboard in Resources */ = {isa = PBXBuildFile; fileRef = 10D21F5C28EC75DD00965997 /* Main.storyboard */; };
		10D21F6028EC75DF00965997 /* Assets.xcassets in Resources */ = {isa = PBXBuildFile; fileRef = 10D21F5F28EC75DF00965997 /* Assets.xcassets */; };
		10D21F6328EC75DF00965997 /* LaunchScreen.storyboard in Resources */ = {isa = PBXBuildFile; fileRef = 10D21F6128EC75DF00965997 /* LaunchScreen.storyboard */; };
		10FF1F3E2A0157FB00382D5E /* FirebaseAnalytics in Frameworks */ = {isa = PBXBuildFile; productRef = 10FF1F3D2A0157FB00382D5E /* FirebaseAnalytics */; };
		10FF1F402A0157FB00382D5E /* FirebaseAnalyticsOnDeviceConversion in Frameworks */ = {isa = PBXBuildFile; productRef = 10FF1F3F2A0157FB00382D5E /* FirebaseAnalyticsOnDeviceConversion */; };
		10FF1F422A0157FB00382D5E /* FirebaseAnalyticsSwift in Frameworks */ = {isa = PBXBuildFile; productRef = 10FF1F412A0157FB00382D5E /* FirebaseAnalyticsSwift */; };
		10FF1F442A0157FB00382D5E /* FirebaseAnalyticsWithoutAdIdSupport in Frameworks */ = {isa = PBXBuildFile; productRef = 10FF1F432A0157FB00382D5E /* FirebaseAnalyticsWithoutAdIdSupport */; };
		10FF1F462A0157FB00382D5E /* FirebaseAppCheck in Frameworks */ = {isa = PBXBuildFile; productRef = 10FF1F452A0157FB00382D5E /* FirebaseAppCheck */; };
		10FF1F482A0157FB00382D5E /* FirebaseAppDistribution-Beta in Frameworks */ = {isa = PBXBuildFile; productRef = 10FF1F472A0157FB00382D5E /* FirebaseAppDistribution-Beta */; };
		10FF1F4A2A0157FB00382D5E /* FirebaseAuth in Frameworks */ = {isa = PBXBuildFile; productRef = 10FF1F492A0157FB00382D5E /* FirebaseAuth */; };
		10FF1F4C2A0157FB00382D5E /* FirebaseAuthCombine-Community in Frameworks */ = {isa = PBXBuildFile; productRef = 10FF1F4B2A0157FB00382D5E /* FirebaseAuthCombine-Community */; };
		10FF1F4E2A0157FB00382D5E /* FirebaseCrashlytics in Frameworks */ = {isa = PBXBuildFile; productRef = 10FF1F4D2A0157FB00382D5E /* FirebaseCrashlytics */; };
		10FF1F502A0157FB00382D5E /* FirebaseDatabase in Frameworks */ = {isa = PBXBuildFile; productRef = 10FF1F4F2A0157FB00382D5E /* FirebaseDatabase */; };
		10FF1F522A0157FB00382D5E /* FirebaseDatabaseSwift in Frameworks */ = {isa = PBXBuildFile; productRef = 10FF1F512A0157FB00382D5E /* FirebaseDatabaseSwift */; };
		10FF1F542A0157FB00382D5E /* FirebaseDynamicLinks in Frameworks */ = {isa = PBXBuildFile; productRef = 10FF1F532A0157FB00382D5E /* FirebaseDynamicLinks */; };
		10FF1F562A0157FB00382D5E /* FirebaseFirestore in Frameworks */ = {isa = PBXBuildFile; productRef = 10FF1F552A0157FB00382D5E /* FirebaseFirestore */; };
		10FF1F582A0157FB00382D5E /* FirebaseFirestoreCombine-Community in Frameworks */ = {isa = PBXBuildFile; productRef = 10FF1F572A0157FB00382D5E /* FirebaseFirestoreCombine-Community */; };
		10FF1F5A2A0157FB00382D5E /* FirebaseFirestoreSwift in Frameworks */ = {isa = PBXBuildFile; productRef = 10FF1F592A0157FB00382D5E /* FirebaseFirestoreSwift */; };
		10FF1F5C2A0157FB00382D5E /* FirebaseFunctions in Frameworks */ = {isa = PBXBuildFile; productRef = 10FF1F5B2A0157FB00382D5E /* FirebaseFunctions */; };
		10FF1F5E2A0157FB00382D5E /* FirebaseFunctionsCombine-Community in Frameworks */ = {isa = PBXBuildFile; productRef = 10FF1F5D2A0157FB00382D5E /* FirebaseFunctionsCombine-Community */; };
		10FF1F602A0157FB00382D5E /* FirebaseInAppMessaging-Beta in Frameworks */ = {isa = PBXBuildFile; productRef = 10FF1F5F2A0157FB00382D5E /* FirebaseInAppMessaging-Beta */; };
		10FF1F622A0157FB00382D5E /* FirebaseInAppMessagingSwift-Beta in Frameworks */ = {isa = PBXBuildFile; productRef = 10FF1F612A0157FB00382D5E /* FirebaseInAppMessagingSwift-Beta */; };
		10FF1F642A0157FB00382D5E /* FirebaseInstallations in Frameworks */ = {isa = PBXBuildFile; productRef = 10FF1F632A0157FB00382D5E /* FirebaseInstallations */; };
		10FF1F662A0157FB00382D5E /* FirebaseMLModelDownloader in Frameworks */ = {isa = PBXBuildFile; productRef = 10FF1F652A0157FB00382D5E /* FirebaseMLModelDownloader */; };
		10FF1F682A0157FB00382D5E /* FirebaseMessaging in Frameworks */ = {isa = PBXBuildFile; productRef = 10FF1F672A0157FB00382D5E /* FirebaseMessaging */; };
		10FF1F6A2A0157FB00382D5E /* FirebasePerformance in Frameworks */ = {isa = PBXBuildFile; productRef = 10FF1F692A0157FB00382D5E /* FirebasePerformance */; };
		10FF1F6C2A0157FB00382D5E /* FirebaseRemoteConfig in Frameworks */ = {isa = PBXBuildFile; productRef = 10FF1F6B2A0157FB00382D5E /* FirebaseRemoteConfig */; };
		10FF1F6E2A0157FB00382D5E /* FirebaseRemoteConfigSwift in Frameworks */ = {isa = PBXBuildFile; productRef = 10FF1F6D2A0157FB00382D5E /* FirebaseRemoteConfigSwift */; };
		10FF1F702A0157FB00382D5E /* FirebaseStorage in Frameworks */ = {isa = PBXBuildFile; productRef = 10FF1F6F2A0157FB00382D5E /* FirebaseStorage */; };
		10FF1F722A0157FB00382D5E /* FirebaseStorageCombine-Community in Frameworks */ = {isa = PBXBuildFile; productRef = 10FF1F712A0157FB00382D5E /* FirebaseStorageCombine-Community */; };
		10FF1F742A057B0600382D5E /* FavouriteTableViewConfiguration.swift in Sources */ = {isa = PBXBuildFile; fileRef = 10FF1F732A057B0600382D5E /* FavouriteTableViewConfiguration.swift */; };
		E1A845779E15C38C81E5AF9C /* Pods_TripToRussia.framework in Frameworks */ = {isa = PBXBuildFile; fileRef = BE0174E92595A75CA1B94C5A /* Pods_TripToRussia.framework */; };
/* End PBXBuildFile section */

/* Begin PBXFileReference section */
		038C4F462D6E4D9CC284A99F /* Pods-TripToRussia.debug.xcconfig */ = {isa = PBXFileReference; includeInIndex = 1; lastKnownFileType = text.xcconfig; name = "Pods-TripToRussia.debug.xcconfig"; path = "Target Support Files/Pods-TripToRussia/Pods-TripToRussia.debug.xcconfig"; sourceTree = "<group>"; };
		103056C929F95FDB00C76BA2 /* AuthViewController.swift */ = {isa = PBXFileReference; lastKnownFileType = sourcecode.swift; path = AuthViewController.swift; sourceTree = "<group>"; };
		103056CB29FB03B900C76BA2 /* GoogleService-Info.plist */ = {isa = PBXFileReference; fileEncoding = 4; lastKnownFileType = text.plist.xml; path = "GoogleService-Info.plist"; sourceTree = "<group>"; };
		105313EA29E99FC3009FAB9A /* DescriptionViewController.swift */ = {isa = PBXFileReference; lastKnownFileType = sourcecode.swift; path = DescriptionViewController.swift; sourceTree = "<group>"; };
		105313EC29F0603C009FAB9A /* YandexNavController.swift */ = {isa = PBXFileReference; lastKnownFileType = sourcecode.swift; path = YandexNavController.swift; sourceTree = "<group>"; };
		1097A1C7298306910045E9F4 /* MainAPI.swift */ = {isa = PBXFileReference; lastKnownFileType = sourcecode.swift; path = MainAPI.swift; sourceTree = "<group>"; };
		10A4536B29CF669900D55F24 /* SearchBarAPI.swift */ = {isa = PBXFileReference; lastKnownFileType = sourcecode.swift; path = SearchBarAPI.swift; sourceTree = "<group>"; };
		10D21F5328EC75DD00965997 /* TripToRussia.app */ = {isa = PBXFileReference; explicitFileType = wrapper.application; includeInIndex = 0; path = TripToRussia.app; sourceTree = BUILT_PRODUCTS_DIR; };
		10D21F5628EC75DD00965997 /* AppDelegate.swift */ = {isa = PBXFileReference; lastKnownFileType = sourcecode.swift; path = AppDelegate.swift; sourceTree = "<group>"; };
		10D21F5828EC75DD00965997 /* SceneDelegate.swift */ = {isa = PBXFileReference; lastKnownFileType = sourcecode.swift; path = SceneDelegate.swift; sourceTree = "<group>"; };
		10D21F5A28EC75DD00965997 /* ViewController.swift */ = {isa = PBXFileReference; lastKnownFileType = sourcecode.swift; path = ViewController.swift; sourceTree = "<group>"; };
		10D21F5D28EC75DD00965997 /* Base */ = {isa = PBXFileReference; lastKnownFileType = file.storyboard; name = Base; path = Base.lproj/Main.storyboard; sourceTree = "<group>"; };
		10D21F5F28EC75DF00965997 /* Assets.xcassets */ = {isa = PBXFileReference; lastKnownFileType = folder.assetcatalog; path = Assets.xcassets; sourceTree = "<group>"; };
		10D21F6228EC75DF00965997 /* Base */ = {isa = PBXFileReference; lastKnownFileType = file.storyboard; name = Base; path = Base.lproj/LaunchScreen.storyboard; sourceTree = "<group>"; };
		10D21F6428EC75DF00965997 /* Info.plist */ = {isa = PBXFileReference; lastKnownFileType = text.plist.xml; path = Info.plist; sourceTree = "<group>"; };
		10FF1F732A057B0600382D5E /* FavouriteTableViewConfiguration.swift */ = {isa = PBXFileReference; lastKnownFileType = sourcecode.swift; path = FavouriteTableViewConfiguration.swift; sourceTree = "<group>"; };
		9D1EB408233AE5B2F1B10E36 /* Pods-TripToRussia.release.xcconfig */ = {isa = PBXFileReference; includeInIndex = 1; lastKnownFileType = text.xcconfig; name = "Pods-TripToRussia.release.xcconfig"; path = "Target Support Files/Pods-TripToRussia/Pods-TripToRussia.release.xcconfig"; sourceTree = "<group>"; };
		BE0174E92595A75CA1B94C5A /* Pods_TripToRussia.framework */ = {isa = PBXFileReference; explicitFileType = wrapper.framework; includeInIndex = 0; path = Pods_TripToRussia.framework; sourceTree = BUILT_PRODUCTS_DIR; };
/* End PBXFileReference section */

/* Begin PBXFrameworksBuildPhase section */
		10D21F5028EC75DD00965997 /* Frameworks */ = {
			isa = PBXFrameworksBuildPhase;
			buildActionMask = 2147483647;
			files = (
				10FF1F5C2A0157FB00382D5E /* FirebaseFunctions in Frameworks */,
				10FF1F522A0157FB00382D5E /* FirebaseDatabaseSwift in Frameworks */,
				10FF1F622A0157FB00382D5E /* FirebaseInAppMessagingSwift-Beta in Frameworks */,
				10FF1F682A0157FB00382D5E /* FirebaseMessaging in Frameworks */,
				10FF1F482A0157FB00382D5E /* FirebaseAppDistribution-Beta in Frameworks */,
				10FF1F4C2A0157FB00382D5E /* FirebaseAuthCombine-Community in Frameworks */,
				10FF1F582A0157FB00382D5E /* FirebaseFirestoreCombine-Community in Frameworks */,
				10FF1F422A0157FB00382D5E /* FirebaseAnalyticsSwift in Frameworks */,
				10FF1F662A0157FB00382D5E /* FirebaseMLModelDownloader in Frameworks */,
				10FF1F442A0157FB00382D5E /* FirebaseAnalyticsWithoutAdIdSupport in Frameworks */,
				10FF1F3E2A0157FB00382D5E /* FirebaseAnalytics in Frameworks */,
				10FF1F5A2A0157FB00382D5E /* FirebaseFirestoreSwift in Frameworks */,
				10FF1F402A0157FB00382D5E /* FirebaseAnalyticsOnDeviceConversion in Frameworks */,
				10FF1F462A0157FB00382D5E /* FirebaseAppCheck in Frameworks */,
				10FF1F6A2A0157FB00382D5E /* FirebasePerformance in Frameworks */,
				10FF1F602A0157FB00382D5E /* FirebaseInAppMessaging-Beta in Frameworks */,
				10FF1F5E2A0157FB00382D5E /* FirebaseFunctionsCombine-Community in Frameworks */,
				10FF1F4E2A0157FB00382D5E /* FirebaseCrashlytics in Frameworks */,
				10FF1F642A0157FB00382D5E /* FirebaseInstallations in Frameworks */,
				10FF1F6C2A0157FB00382D5E /* FirebaseRemoteConfig in Frameworks */,
				10FF1F702A0157FB00382D5E /* FirebaseStorage in Frameworks */,
				10FF1F502A0157FB00382D5E /* FirebaseDatabase in Frameworks */,
				10FF1F722A0157FB00382D5E /* FirebaseStorageCombine-Community in Frameworks */,
				E1A845779E15C38C81E5AF9C /* Pods_TripToRussia.framework in Frameworks */,
				10FF1F4A2A0157FB00382D5E /* FirebaseAuth in Frameworks */,
				10FF1F542A0157FB00382D5E /* FirebaseDynamicLinks in Frameworks */,
				10FF1F562A0157FB00382D5E /* FirebaseFirestore in Frameworks */,
				10FF1F6E2A0157FB00382D5E /* FirebaseRemoteConfigSwift in Frameworks */,
			);
			runOnlyForDeploymentPostprocessing = 0;
		};
/* End PBXFrameworksBuildPhase section */

/* Begin PBXGroup section */
		10A453662993D4CA00D55F24 /* API */ = {
			isa = PBXGroup;
			children = (
				1097A1C7298306910045E9F4 /* MainAPI.swift */,
				10A4536B29CF669900D55F24 /* SearchBarAPI.swift */,
			);
			path = API;
			sourceTree = "<group>";
		};
		10D21F4A28EC75DD00965997 = {
			isa = PBXGroup;
			children = (
				10D21F5528EC75DD00965997 /* TripToRussia */,
				10D21F5428EC75DD00965997 /* Products */,
				46B336EE93C1FF3EFD9836D1 /* Pods */,
				2EE48A11C0C5DE69E45F10A9 /* Frameworks */,
			);
			sourceTree = "<group>";
		};
		10D21F5428EC75DD00965997 /* Products */ = {
			isa = PBXGroup;
			children = (
				10D21F5328EC75DD00965997 /* TripToRussia.app */,
			);
			name = Products;
			sourceTree = "<group>";
		};
		10D21F5528EC75DD00965997 /* TripToRussia */ = {
			isa = PBXGroup;
			children = (
				10D21F5628EC75DD00965997 /* AppDelegate.swift */,
				10D21F5828EC75DD00965997 /* SceneDelegate.swift */,
				10D21F5A28EC75DD00965997 /* ViewController.swift */,
				105313EA29E99FC3009FAB9A /* DescriptionViewController.swift */,
				105313EC29F0603C009FAB9A /* YandexNavController.swift */,
				103056C929F95FDB00C76BA2 /* AuthViewController.swift */,
				10FF1F732A057B0600382D5E /* FavouriteTableViewConfiguration.swift */,
				10A453662993D4CA00D55F24 /* API */,
				10D21F5C28EC75DD00965997 /* Main.storyboard */,
				10D21F6128EC75DF00965997 /* LaunchScreen.storyboard */,
				10D21F6428EC75DF00965997 /* Info.plist */,
				103056CB29FB03B900C76BA2 /* GoogleService-Info.plist */,
				10D21F5F28EC75DF00965997 /* Assets.xcassets */,
			);
			path = TripToRussia;
			sourceTree = "<group>";
		};
		2EE48A11C0C5DE69E45F10A9 /* Frameworks */ = {
			isa = PBXGroup;
			children = (
				BE0174E92595A75CA1B94C5A /* Pods_TripToRussia.framework */,
			);
			name = Frameworks;
			sourceTree = "<group>";
		};
		46B336EE93C1FF3EFD9836D1 /* Pods */ = {
			isa = PBXGroup;
			children = (
				038C4F462D6E4D9CC284A99F /* Pods-TripToRussia.debug.xcconfig */,
				9D1EB408233AE5B2F1B10E36 /* Pods-TripToRussia.release.xcconfig */,
			);
			path = Pods;
			sourceTree = "<group>";
		};
/* End PBXGroup section */

/* Begin PBXNativeTarget section */
		10D21F5228EC75DD00965997 /* TripToRussia */ = {
			isa = PBXNativeTarget;
			buildConfigurationList = 10D21F6728EC75E000965997 /* Build configuration list for PBXNativeTarget "TripToRussia" */;
			buildPhases = (
				F40BE23E9252885D5480A4BC /* [CP] Check Pods Manifest.lock */,
				10D21F4F28EC75DD00965997 /* Sources */,
				10D21F5028EC75DD00965997 /* Frameworks */,
				10D21F5128EC75DD00965997 /* Resources */,
				58DAF963197F22AE8173B06A /* [CP] Copy Pods Resources */,
			);
			buildRules = (
			);
			dependencies = (
			);
			name = TripToRussia;
			packageProductDependencies = (
				10FF1F3D2A0157FB00382D5E /* FirebaseAnalytics */,
				10FF1F3F2A0157FB00382D5E /* FirebaseAnalyticsOnDeviceConversion */,
				10FF1F412A0157FB00382D5E /* FirebaseAnalyticsSwift */,
				10FF1F432A0157FB00382D5E /* FirebaseAnalyticsWithoutAdIdSupport */,
				10FF1F452A0157FB00382D5E /* FirebaseAppCheck */,
				10FF1F472A0157FB00382D5E /* FirebaseAppDistribution-Beta */,
				10FF1F492A0157FB00382D5E /* FirebaseAuth */,
				10FF1F4B2A0157FB00382D5E /* FirebaseAuthCombine-Community */,
				10FF1F4D2A0157FB00382D5E /* FirebaseCrashlytics */,
				10FF1F4F2A0157FB00382D5E /* FirebaseDatabase */,
				10FF1F512A0157FB00382D5E /* FirebaseDatabaseSwift */,
				10FF1F532A0157FB00382D5E /* FirebaseDynamicLinks */,
				10FF1F552A0157FB00382D5E /* FirebaseFirestore */,
				10FF1F572A0157FB00382D5E /* FirebaseFirestoreCombine-Community */,
				10FF1F592A0157FB00382D5E /* FirebaseFirestoreSwift */,
				10FF1F5B2A0157FB00382D5E /* FirebaseFunctions */,
				10FF1F5D2A0157FB00382D5E /* FirebaseFunctionsCombine-Community */,
				10FF1F5F2A0157FB00382D5E /* FirebaseInAppMessaging-Beta */,
				10FF1F612A0157FB00382D5E /* FirebaseInAppMessagingSwift-Beta */,
				10FF1F632A0157FB00382D5E /* FirebaseInstallations */,
				10FF1F652A0157FB00382D5E /* FirebaseMLModelDownloader */,
				10FF1F672A0157FB00382D5E /* FirebaseMessaging */,
				10FF1F692A0157FB00382D5E /* FirebasePerformance */,
				10FF1F6B2A0157FB00382D5E /* FirebaseRemoteConfig */,
				10FF1F6D2A0157FB00382D5E /* FirebaseRemoteConfigSwift */,
				10FF1F6F2A0157FB00382D5E /* FirebaseStorage */,
				10FF1F712A0157FB00382D5E /* FirebaseStorageCombine-Community */,
			);
			productName = city;
			productReference = 10D21F5328EC75DD00965997 /* TripToRussia.app */;
			productType = "com.apple.product-type.application";
		};
/* End PBXNativeTarget section */

/* Begin PBXProject section */
		10D21F4B28EC75DD00965997 /* Project object */ = {
			isa = PBXProject;
			attributes = {
				BuildIndependentTargetsInParallel = 1;
				LastSwiftUpdateCheck = 1340;
				LastUpgradeCheck = 1340;
				TargetAttributes = {
					10D21F5228EC75DD00965997 = {
						CreatedOnToolsVersion = 13.4;
					};
				};
			};
			buildConfigurationList = 10D21F4E28EC75DD00965997 /* Build configuration list for PBXProject "TripToRussia" */;
			compatibilityVersion = "Xcode 13.0";
			developmentRegion = en;
			hasScannedForEncodings = 0;
			knownRegions = (
				en,
				Base,
			);
			mainGroup = 10D21F4A28EC75DD00965997;
			packageReferences = (
				10FF1F3C2A0157FB00382D5E /* XCRemoteSwiftPackageReference "firebase-ios-sdk" */,
			);
			productRefGroup = 10D21F5428EC75DD00965997 /* Products */;
			projectDirPath = "";
			projectRoot = "";
			targets = (
				10D21F5228EC75DD00965997 /* TripToRussia */,
			);
		};
/* End PBXProject section */

/* Begin PBXResourcesBuildPhase section */
		10D21F5128EC75DD00965997 /* Resources */ = {
			isa = PBXResourcesBuildPhase;
			buildActionMask = 2147483647;
			files = (
				10D21F6328EC75DF00965997 /* LaunchScreen.storyboard in Resources */,
				103056CC29FB03B900C76BA2 /* GoogleService-Info.plist in Resources */,
				10D21F6028EC75DF00965997 /* Assets.xcassets in Resources */,
				10D21F5E28EC75DD00965997 /* Main.storyboard in Resources */,
			);
			runOnlyForDeploymentPostprocessing = 0;
		};
/* End PBXResourcesBuildPhase section */

/* Begin PBXShellScriptBuildPhase section */
		58DAF963197F22AE8173B06A /* [CP] Copy Pods Resources */ = {
			isa = PBXShellScriptBuildPhase;
			buildActionMask = 2147483647;
			files = (
			);
			inputFileListPaths = (
				"${PODS_ROOT}/Target Support Files/Pods-TripToRussia/Pods-TripToRussia-resources-${CONFIGURATION}-input-files.xcfilelist",
			);
			name = "[CP] Copy Pods Resources";
			outputFileListPaths = (
				"${PODS_ROOT}/Target Support Files/Pods-TripToRussia/Pods-TripToRussia-resources-${CONFIGURATION}-output-files.xcfilelist",
			);
			runOnlyForDeploymentPostprocessing = 0;
			shellPath = /bin/sh;
			shellScript = "\"${PODS_ROOT}/Target Support Files/Pods-TripToRussia/Pods-TripToRussia-resources.sh\"\n";
			showEnvVarsInLog = 0;
		};
		F40BE23E9252885D5480A4BC /* [CP] Check Pods Manifest.lock */ = {
			isa = PBXShellScriptBuildPhase;
			buildActionMask = 2147483647;
			files = (
			);
			inputFileListPaths = (
			);
			inputPaths = (
				"${PODS_PODFILE_DIR_PATH}/Podfile.lock",
				"${PODS_ROOT}/Manifest.lock",
			);
			name = "[CP] Check Pods Manifest.lock";
			outputFileListPaths = (
			);
			outputPaths = (
				"$(DERIVED_FILE_DIR)/Pods-TripToRussia-checkManifestLockResult.txt",
			);
			runOnlyForDeploymentPostprocessing = 0;
			shellPath = /bin/sh;
			shellScript = "diff \"${PODS_PODFILE_DIR_PATH}/Podfile.lock\" \"${PODS_ROOT}/Manifest.lock\" > /dev/null\nif [ $? != 0 ] ; then\n    # print error to STDERR\n    echo \"error: The sandbox is not in sync with the Podfile.lock. Run 'pod install' or update your CocoaPods installation.\" >&2\n    exit 1\nfi\n# This output is used by Xcode 'outputs' to avoid re-running this script phase.\necho \"SUCCESS\" > \"${SCRIPT_OUTPUT_FILE_0}\"\n";
			showEnvVarsInLog = 0;
		};
/* End PBXShellScriptBuildPhase section */

/* Begin PBXSourcesBuildPhase section */
		10D21F4F28EC75DD00965997 /* Sources */ = {
			isa = PBXSourcesBuildPhase;
			buildActionMask = 2147483647;
			files = (
				105313ED29F0603C009FAB9A /* YandexNavController.swift in Sources */,
				10D21F5B28EC75DD00965997 /* ViewController.swift in Sources */,
				10D21F5728EC75DD00965997 /* AppDelegate.swift in Sources */,
				10D21F5928EC75DD00965997 /* SceneDelegate.swift in Sources */,
				103056CA29F95FDB00C76BA2 /* AuthViewController.swift in Sources */,
				105313EB29E99FC3009FAB9A /* DescriptionViewController.swift in Sources */,
				1097A1C8298306910045E9F4 /* MainAPI.swift in Sources */,
				10FF1F742A057B0600382D5E /* FavouriteTableViewConfiguration.swift in Sources */,
				10A4536C29CF669900D55F24 /* SearchBarAPI.swift in Sources */,
			);
			runOnlyForDeploymentPostprocessing = 0;
		};
/* End PBXSourcesBuildPhase section */

/* Begin PBXVariantGroup section */
		10D21F5C28EC75DD00965997 /* Main.storyboard */ = {
			isa = PBXVariantGroup;
			children = (
				10D21F5D28EC75DD00965997 /* Base */,
			);
			name = Main.storyboard;
			sourceTree = "<group>";
		};
		10D21F6128EC75DF00965997 /* LaunchScreen.storyboard */ = {
			isa = PBXVariantGroup;
			children = (
				10D21F6228EC75DF00965997 /* Base */,
			);
			name = LaunchScreen.storyboard;
			sourceTree = "<group>";
		};
/* End PBXVariantGroup section */

/* Begin XCBuildConfiguration section */
		10D21F6528EC75DF00965997 /* Debug */ = {
			isa = XCBuildConfiguration;
			buildSettings = {
				ALWAYS_SEARCH_USER_PATHS = NO;
				CLANG_ANALYZER_NONNULL = YES;
				CLANG_ANALYZER_NUMBER_OBJECT_CONVERSION = YES_AGGRESSIVE;
				CLANG_CXX_LANGUAGE_STANDARD = "gnu++17";
				CLANG_ENABLE_MODULES = YES;
				CLANG_ENABLE_OBJC_ARC = YES;
				CLANG_ENABLE_OBJC_WEAK = YES;
				CLANG_WARN_BLOCK_CAPTURE_AUTORELEASING = YES;
				CLANG_WARN_BOOL_CONVERSION = YES;
				CLANG_WARN_COMMA = YES;
				CLANG_WARN_CONSTANT_CONVERSION = YES;
				CLANG_WARN_DEPRECATED_OBJC_IMPLEMENTATIONS = YES;
				CLANG_WARN_DIRECT_OBJC_ISA_USAGE = YES_ERROR;
				CLANG_WARN_DOCUMENTATION_COMMENTS = YES;
				CLANG_WARN_EMPTY_BODY = YES;
				CLANG_WARN_ENUM_CONVERSION = YES;
				CLANG_WARN_INFINITE_RECURSION = YES;
				CLANG_WARN_INT_CONVERSION = YES;
				CLANG_WARN_NON_LITERAL_NULL_CONVERSION = YES;
				CLANG_WARN_OBJC_IMPLICIT_RETAIN_SELF = YES;
				CLANG_WARN_OBJC_LITERAL_CONVERSION = YES;
				CLANG_WARN_OBJC_ROOT_CLASS = YES_ERROR;
				CLANG_WARN_QUOTED_INCLUDE_IN_FRAMEWORK_HEADER = YES;
				CLANG_WARN_RANGE_LOOP_ANALYSIS = YES;
				CLANG_WARN_STRICT_PROTOTYPES = YES;
				CLANG_WARN_SUSPICIOUS_MOVE = YES;
				CLANG_WARN_UNGUARDED_AVAILABILITY = YES_AGGRESSIVE;
				CLANG_WARN_UNREACHABLE_CODE = YES;
				CLANG_WARN__DUPLICATE_METHOD_MATCH = YES;
				COPY_PHASE_STRIP = NO;
				DEBUG_INFORMATION_FORMAT = dwarf;
				ENABLE_STRICT_OBJC_MSGSEND = YES;
				ENABLE_TESTABILITY = YES;
				GCC_C_LANGUAGE_STANDARD = gnu11;
				GCC_DYNAMIC_NO_PIC = NO;
				GCC_NO_COMMON_BLOCKS = YES;
				GCC_OPTIMIZATION_LEVEL = 0;
				GCC_PREPROCESSOR_DEFINITIONS = (
					"DEBUG=1",
					"$(inherited)",
				);
				GCC_WARN_64_TO_32_BIT_CONVERSION = YES;
				GCC_WARN_ABOUT_RETURN_TYPE = YES_ERROR;
				GCC_WARN_UNDECLARED_SELECTOR = YES;
				GCC_WARN_UNINITIALIZED_AUTOS = YES_AGGRESSIVE;
				GCC_WARN_UNUSED_FUNCTION = YES;
				GCC_WARN_UNUSED_VARIABLE = YES;
				IPHONEOS_DEPLOYMENT_TARGET = 15.5;
				MTL_ENABLE_DEBUG_INFO = INCLUDE_SOURCE;
				MTL_FAST_MATH = YES;
				ONLY_ACTIVE_ARCH = YES;
				SDKROOT = iphoneos;
				SWIFT_ACTIVE_COMPILATION_CONDITIONS = DEBUG;
				SWIFT_OPTIMIZATION_LEVEL = "-Onone";
			};
			name = Debug;
		};
		10D21F6628EC75DF00965997 /* Release */ = {
			isa = XCBuildConfiguration;
			buildSettings = {
				ALWAYS_SEARCH_USER_PATHS = NO;
				CLANG_ANALYZER_NONNULL = YES;
				CLANG_ANALYZER_NUMBER_OBJECT_CONVERSION = YES_AGGRESSIVE;
				CLANG_CXX_LANGUAGE_STANDARD = "gnu++17";
				CLANG_ENABLE_MODULES = YES;
				CLANG_ENABLE_OBJC_ARC = YES;
				CLANG_ENABLE_OBJC_WEAK = YES;
				CLANG_WARN_BLOCK_CAPTURE_AUTORELEASING = YES;
				CLANG_WARN_BOOL_CONVERSION = YES;
				CLANG_WARN_COMMA = YES;
				CLANG_WARN_CONSTANT_CONVERSION = YES;
				CLANG_WARN_DEPRECATED_OBJC_IMPLEMENTATIONS = YES;
				CLANG_WARN_DIRECT_OBJC_ISA_USAGE = YES_ERROR;
				CLANG_WARN_DOCUMENTATION_COMMENTS = YES;
				CLANG_WARN_EMPTY_BODY = YES;
				CLANG_WARN_ENUM_CONVERSION = YES;
				CLANG_WARN_INFINITE_RECURSION = YES;
				CLANG_WARN_INT_CONVERSION = YES;
				CLANG_WARN_NON_LITERAL_NULL_CONVERSION = YES;
				CLANG_WARN_OBJC_IMPLICIT_RETAIN_SELF = YES;
				CLANG_WARN_OBJC_LITERAL_CONVERSION = YES;
				CLANG_WARN_OBJC_ROOT_CLASS = YES_ERROR;
				CLANG_WARN_QUOTED_INCLUDE_IN_FRAMEWORK_HEADER = YES;
				CLANG_WARN_RANGE_LOOP_ANALYSIS = YES;
				CLANG_WARN_STRICT_PROTOTYPES = YES;
				CLANG_WARN_SUSPICIOUS_MOVE = YES;
				CLANG_WARN_UNGUARDED_AVAILABILITY = YES_AGGRESSIVE;
				CLANG_WARN_UNREACHABLE_CODE = YES;
				CLANG_WARN__DUPLICATE_METHOD_MATCH = YES;
				COPY_PHASE_STRIP = NO;
				DEBUG_INFORMATION_FORMAT = "dwarf-with-dsym";
				ENABLE_NS_ASSERTIONS = NO;
				ENABLE_STRICT_OBJC_MSGSEND = YES;
				GCC_C_LANGUAGE_STANDARD = gnu11;
				GCC_NO_COMMON_BLOCKS = YES;
				GCC_WARN_64_TO_32_BIT_CONVERSION = YES;
				GCC_WARN_ABOUT_RETURN_TYPE = YES_ERROR;
				GCC_WARN_UNDECLARED_SELECTOR = YES;
				GCC_WARN_UNINITIALIZED_AUTOS = YES_AGGRESSIVE;
				GCC_WARN_UNUSED_FUNCTION = YES;
				GCC_WARN_UNUSED_VARIABLE = YES;
				IPHONEOS_DEPLOYMENT_TARGET = 15.5;
				MTL_ENABLE_DEBUG_INFO = NO;
				MTL_FAST_MATH = YES;
				SDKROOT = iphoneos;
				SWIFT_COMPILATION_MODE = wholemodule;
				SWIFT_OPTIMIZATION_LEVEL = "-O";
				VALIDATE_PRODUCT = YES;
			};
			name = Release;
		};
		10D21F6828EC75E000965997 /* Debug */ = {
			isa = XCBuildConfiguration;
			baseConfigurationReference = 038C4F462D6E4D9CC284A99F /* Pods-TripToRussia.debug.xcconfig */;
			buildSettings = {
				ASSETCATALOG_COMPILER_APPICON_NAME = AppIcon;
				ASSETCATALOG_COMPILER_GLOBAL_ACCENT_COLOR_NAME = AccentColor;
				CODE_SIGN_STYLE = Automatic;
				CURRENT_PROJECT_VERSION = 1;
				DEVELOPMENT_TEAM = R6J3Q47W2B;
				GENERATE_INFOPLIST_FILE = YES;
				INFOPLIST_FILE = TripToRussia/Info.plist;
				INFOPLIST_KEY_UIApplicationSupportsIndirectInputEvents = YES;
				INFOPLIST_KEY_UILaunchStoryboardName = LaunchScreen;
				INFOPLIST_KEY_UIMainStoryboardFile = Main;
				INFOPLIST_KEY_UISupportedInterfaceOrientations_iPad = "UIInterfaceOrientationPortrait UIInterfaceOrientationPortraitUpsideDown UIInterfaceOrientationLandscapeLeft UIInterfaceOrientationLandscapeRight";
				INFOPLIST_KEY_UISupportedInterfaceOrientations_iPhone = "UIInterfaceOrientationPortrait UIInterfaceOrientationLandscapeLeft UIInterfaceOrientationLandscapeRight";
				LD_RUNPATH_SEARCH_PATHS = (
					"$(inherited)",
					"@executable_path/Frameworks",
				);
				MARKETING_VERSION = 1.0;
				PRODUCT_BUNDLE_IDENTIFIER = ruzal.TripToRussia;
				PRODUCT_NAME = "$(TARGET_NAME)";
				SWIFT_EMIT_LOC_STRINGS = YES;
				SWIFT_VERSION = 5.0;
				TARGETED_DEVICE_FAMILY = "1,2";
			};
			name = Debug;
		};
		10D21F6928EC75E000965997 /* Release */ = {
			isa = XCBuildConfiguration;
			baseConfigurationReference = 9D1EB408233AE5B2F1B10E36 /* Pods-TripToRussia.release.xcconfig */;
			buildSettings = {
				ASSETCATALOG_COMPILER_APPICON_NAME = AppIcon;
				ASSETCATALOG_COMPILER_GLOBAL_ACCENT_COLOR_NAME = AccentColor;
				CODE_SIGN_STYLE = Automatic;
				CURRENT_PROJECT_VERSION = 1;
				DEVELOPMENT_TEAM = R6J3Q47W2B;
				GENERATE_INFOPLIST_FILE = YES;
				INFOPLIST_FILE = TripToRussia/Info.plist;
				INFOPLIST_KEY_UIApplicationSupportsIndirectInputEvents = YES;
				INFOPLIST_KEY_UILaunchStoryboardName = LaunchScreen;
				INFOPLIST_KEY_UIMainStoryboardFile = Main;
				INFOPLIST_KEY_UISupportedInterfaceOrientations_iPad = "UIInterfaceOrientationPortrait UIInterfaceOrientationPortraitUpsideDown UIInterfaceOrientationLandscapeLeft UIInterfaceOrientationLandscapeRight";
				INFOPLIST_KEY_UISupportedInterfaceOrientations_iPhone = "UIInterfaceOrientationPortrait UIInterfaceOrientationLandscapeLeft UIInterfaceOrientationLandscapeRight";
				LD_RUNPATH_SEARCH_PATHS = (
					"$(inherited)",
					"@executable_path/Frameworks",
				);
				MARKETING_VERSION = 1.0;
				PRODUCT_BUNDLE_IDENTIFIER = ruzal.TripToRussia;
				PRODUCT_NAME = "$(TARGET_NAME)";
				SWIFT_EMIT_LOC_STRINGS = YES;
				SWIFT_VERSION = 5.0;
				TARGETED_DEVICE_FAMILY = "1,2";
			};
			name = Release;
		};
/* End XCBuildConfiguration section */

/* Begin XCConfigurationList section */
		10D21F4E28EC75DD00965997 /* Build configuration list for PBXProject "TripToRussia" */ = {
			isa = XCConfigurationList;
			buildConfigurations = (
				10D21F6528EC75DF00965997 /* Debug */,
				10D21F6628EC75DF00965997 /* Release */,
			);
			defaultConfigurationIsVisible = 0;
			defaultConfigurationName = Release;
		};
		10D21F6728EC75E000965997 /* Build configuration list for PBXNativeTarget "TripToRussia" */ = {
			isa = XCConfigurationList;
			buildConfigurations = (
				10D21F6828EC75E000965997 /* Debug */,
				10D21F6928EC75E000965997 /* Release */,
			);
			defaultConfigurationIsVisible = 0;
			defaultConfigurationName = Release;
		};
/* End XCConfigurationList section */

/* Begin XCRemoteSwiftPackageReference section */
		10FF1F3C2A0157FB00382D5E /* XCRemoteSwiftPackageReference "firebase-ios-sdk" */ = {
			isa = XCRemoteSwiftPackageReference;
			repositoryURL = "https://github.com/firebase/firebase-ios-sdk";
			requirement = {
				branch = master;
				kind = branch;
			};
		};
/* End XCRemoteSwiftPackageReference section */

/* Begin XCSwiftPackageProductDependency section */
		10FF1F3D2A0157FB00382D5E /* FirebaseAnalytics */ = {
			isa = XCSwiftPackageProductDependency;
			package = 10FF1F3C2A0157FB00382D5E /* XCRemoteSwiftPackageReference "firebase-ios-sdk" */;
			productName = FirebaseAnalytics;
		};
		10FF1F3F2A0157FB00382D5E /* FirebaseAnalyticsOnDeviceConversion */ = {
			isa = XCSwiftPackageProductDependency;
			package = 10FF1F3C2A0157FB00382D5E /* XCRemoteSwiftPackageReference "firebase-ios-sdk" */;
			productName = FirebaseAnalyticsOnDeviceConversion;
		};
		10FF1F412A0157FB00382D5E /* FirebaseAnalyticsSwift */ = {
			isa = XCSwiftPackageProductDependency;
			package = 10FF1F3C2A0157FB00382D5E /* XCRemoteSwiftPackageReference "firebase-ios-sdk" */;
			productName = FirebaseAnalyticsSwift;
		};
		10FF1F432A0157FB00382D5E /* FirebaseAnalyticsWithoutAdIdSupport */ = {
			isa = XCSwiftPackageProductDependency;
			package = 10FF1F3C2A0157FB00382D5E /* XCRemoteSwiftPackageReference "firebase-ios-sdk" */;
			productName = FirebaseAnalyticsWithoutAdIdSupport;
		};
		10FF1F452A0157FB00382D5E /* FirebaseAppCheck */ = {
			isa = XCSwiftPackageProductDependency;
			package = 10FF1F3C2A0157FB00382D5E /* XCRemoteSwiftPackageReference "firebase-ios-sdk" */;
			productName = FirebaseAppCheck;
		};
		10FF1F472A0157FB00382D5E /* FirebaseAppDistribution-Beta */ = {
			isa = XCSwiftPackageProductDependency;
			package = 10FF1F3C2A0157FB00382D5E /* XCRemoteSwiftPackageReference "firebase-ios-sdk" */;
			productName = "FirebaseAppDistribution-Beta";
		};
		10FF1F492A0157FB00382D5E /* FirebaseAuth */ = {
			isa = XCSwiftPackageProductDependency;
			package = 10FF1F3C2A0157FB00382D5E /* XCRemoteSwiftPackageReference "firebase-ios-sdk" */;
			productName = FirebaseAuth;
		};
		10FF1F4B2A0157FB00382D5E /* FirebaseAuthCombine-Community */ = {
			isa = XCSwiftPackageProductDependency;
			package = 10FF1F3C2A0157FB00382D5E /* XCRemoteSwiftPackageReference "firebase-ios-sdk" */;
			productName = "FirebaseAuthCombine-Community";
		};
		10FF1F4D2A0157FB00382D5E /* FirebaseCrashlytics */ = {
			isa = XCSwiftPackageProductDependency;
			package = 10FF1F3C2A0157FB00382D5E /* XCRemoteSwiftPackageReference "firebase-ios-sdk" */;
			productName = FirebaseCrashlytics;
		};
		10FF1F4F2A0157FB00382D5E /* FirebaseDatabase */ = {
			isa = XCSwiftPackageProductDependency;
			package = 10FF1F3C2A0157FB00382D5E /* XCRemoteSwiftPackageReference "firebase-ios-sdk" */;
			productName = FirebaseDatabase;
		};
		10FF1F512A0157FB00382D5E /* FirebaseDatabaseSwift */ = {
			isa = XCSwiftPackageProductDependency;
			package = 10FF1F3C2A0157FB00382D5E /* XCRemoteSwiftPackageReference "firebase-ios-sdk" */;
			productName = FirebaseDatabaseSwift;
		};
		10FF1F532A0157FB00382D5E /* FirebaseDynamicLinks */ = {
			isa = XCSwiftPackageProductDependency;
			package = 10FF1F3C2A0157FB00382D5E /* XCRemoteSwiftPackageReference "firebase-ios-sdk" */;
			productName = FirebaseDynamicLinks;
		};
		10FF1F552A0157FB00382D5E /* FirebaseFirestore */ = {
			isa = XCSwiftPackageProductDependency;
			package = 10FF1F3C2A0157FB00382D5E /* XCRemoteSwiftPackageReference "firebase-ios-sdk" */;
			productName = FirebaseFirestore;
		};
		10FF1F572A0157FB00382D5E /* FirebaseFirestoreCombine-Community */ = {
			isa = XCSwiftPackageProductDependency;
			package = 10FF1F3C2A0157FB00382D5E /* XCRemoteSwiftPackageReference "firebase-ios-sdk" */;
			productName = "FirebaseFirestoreCombine-Community";
		};
		10FF1F592A0157FB00382D5E /* FirebaseFirestoreSwift */ = {
			isa = XCSwiftPackageProductDependency;
			package = 10FF1F3C2A0157FB00382D5E /* XCRemoteSwiftPackageReference "firebase-ios-sdk" */;
			productName = FirebaseFirestoreSwift;
		};
		10FF1F5B2A0157FB00382D5E /* FirebaseFunctions */ = {
			isa = XCSwiftPackageProductDependency;
			package = 10FF1F3C2A0157FB00382D5E /* XCRemoteSwiftPackageReference "firebase-ios-sdk" */;
			productName = FirebaseFunctions;
		};
		10FF1F5D2A0157FB00382D5E /* FirebaseFunctionsCombine-Community */ = {
			isa = XCSwiftPackageProductDependency;
			package = 10FF1F3C2A0157FB00382D5E /* XCRemoteSwiftPackageReference "firebase-ios-sdk" */;
			productName = "FirebaseFunctionsCombine-Community";
		};
		10FF1F5F2A0157FB00382D5E /* FirebaseInAppMessaging-Beta */ = {
			isa = XCSwiftPackageProductDependency;
			package = 10FF1F3C2A0157FB00382D5E /* XCRemoteSwiftPackageReference "firebase-ios-sdk" */;
			productName = "FirebaseInAppMessaging-Beta";
		};
		10FF1F612A0157FB00382D5E /* FirebaseInAppMessagingSwift-Beta */ = {
			isa = XCSwiftPackageProductDependency;
			package = 10FF1F3C2A0157FB00382D5E /* XCRemoteSwiftPackageReference "firebase-ios-sdk" */;
			productName = "FirebaseInAppMessagingSwift-Beta";
		};
		10FF1F632A0157FB00382D5E /* FirebaseInstallations */ = {
			isa = XCSwiftPackageProductDependency;
			package = 10FF1F3C2A0157FB00382D5E /* XCRemoteSwiftPackageReference "firebase-ios-sdk" */;
			productName = FirebaseInstallations;
		};
		10FF1F652A0157FB00382D5E /* FirebaseMLModelDownloader */ = {
			isa = XCSwiftPackageProductDependency;
			package = 10FF1F3C2A0157FB00382D5E /* XCRemoteSwiftPackageReference "firebase-ios-sdk" */;
			productName = FirebaseMLModelDownloader;
		};
		10FF1F672A0157FB00382D5E /* FirebaseMessaging */ = {
			isa = XCSwiftPackageProductDependency;
			package = 10FF1F3C2A0157FB00382D5E /* XCRemoteSwiftPackageReference "firebase-ios-sdk" */;
			productName = FirebaseMessaging;
		};
		10FF1F692A0157FB00382D5E /* FirebasePerformance */ = {
			isa = XCSwiftPackageProductDependency;
			package = 10FF1F3C2A0157FB00382D5E /* XCRemoteSwiftPackageReference "firebase-ios-sdk" */;
			productName = FirebasePerformance;
		};
		10FF1F6B2A0157FB00382D5E /* FirebaseRemoteConfig */ = {
			isa = XCSwiftPackageProductDependency;
			package = 10FF1F3C2A0157FB00382D5E /* XCRemoteSwiftPackageReference "firebase-ios-sdk" */;
			productName = FirebaseRemoteConfig;
		};
		10FF1F6D2A0157FB00382D5E /* FirebaseRemoteConfigSwift */ = {
			isa = XCSwiftPackageProductDependency;
			package = 10FF1F3C2A0157FB00382D5E /* XCRemoteSwiftPackageReference "firebase-ios-sdk" */;
			productName = FirebaseRemoteConfigSwift;
		};
		10FF1F6F2A0157FB00382D5E /* FirebaseStorage */ = {
			isa = XCSwiftPackageProductDependency;
			package = 10FF1F3C2A0157FB00382D5E /* XCRemoteSwiftPackageReference "firebase-ios-sdk" */;
			productName = FirebaseStorage;
		};
		10FF1F712A0157FB00382D5E /* FirebaseStorageCombine-Community */ = {
			isa = XCSwiftPackageProductDependency;
			package = 10FF1F3C2A0157FB00382D5E /* XCRemoteSwiftPackageReference "firebase-ios-sdk" */;
			productName = "FirebaseStorageCombine-Community";
		};
/* End XCSwiftPackageProductDependency section */
	};
	rootObject = 10D21F4B28EC75DD00965997 /* Project object */;
}
